// !$*UTF8*$!
{
	archiveVersion = 1;
	classes = {
	};
	objectVersion = 77;
	objects = {

/* Begin PBXBuildFile section */
		3A96593B2DFF13AE00A5AB6E /* WidgetKit.framework in Frameworks */ = {isa = PBXBuildFile; fileRef = 3A96593A2DFF13AE00A5AB6E /* WidgetKit.framework */; };
		3A96593D2DFF13AE00A5AB6E /* SwiftUI.framework in Frameworks */ = {isa = PBXBuildFile; fileRef = 3A96593C2DFF13AE00A5AB6E /* SwiftUI.framework */; };
		3A9659482DFF13B000A5AB6E /* DocMatic.widgetExtension.appex in Embed Foundation Extensions */ = {isa = PBXBuildFile; fileRef = 3A9659392DFF13AE00A5AB6E /* DocMatic.widgetExtension.appex */; settings = {ATTRIBUTES = (RemoveHeadersOnCopy, ); }; };
		3A9D270E2D4A659300E8D13A /* RevenueCat in Frameworks */ = {isa = PBXBuildFile; productRef = 3A9D270D2D4A659300E8D13A /* RevenueCat */; };
		3A9D27102D4A659300E8D13A /* RevenueCatUI in Frameworks */ = {isa = PBXBuildFile; productRef = 3A9D270F2D4A659300E8D13A /* RevenueCatUI */; };
		3ABE6EBE2DFD9ECE0042B6C8 /* Lottie in Frameworks */ = {isa = PBXBuildFile; productRef = 3ABE6EBD2DFD9ECE0042B6C8 /* Lottie */; };
		3AD12EA72D57E06F00A3699E /* StoreKit.framework in Frameworks */ = {isa = PBXBuildFile; fileRef = 3AD12EA62D57E06E00A3699E /* StoreKit.framework */; };
		3AD2C35D2E12CB4500F8D047 /* FirebaseAuth in Frameworks */ = {isa = PBXBuildFile; productRef = 3AD2C35C2E12CB4500F8D047 /* FirebaseAuth */; };
		3AD2C35F2E12CB4500F8D047 /* FirebaseDatabase in Frameworks */ = {isa = PBXBuildFile; productRef = 3AD2C35E2E12CB4500F8D047 /* FirebaseDatabase */; };
		3AD2C3612E12CB4500F8D047 /* FirebaseFirestore in Frameworks */ = {isa = PBXBuildFile; productRef = 3AD2C3602E12CB4500F8D047 /* FirebaseFirestore */; };
		3AD2C3632E12CB4500F8D047 /* FirebaseStorage in Frameworks */ = {isa = PBXBuildFile; productRef = 3AD2C3622E12CB4500F8D047 /* FirebaseStorage */; };
/* End PBXBuildFile section */

/* Begin PBXContainerItemProxy section */
		3A9659462DFF13B000A5AB6E /* PBXContainerItemProxy */ = {
			isa = PBXContainerItemProxy;
			containerPortal = 3AA001162D39CBFC0087A850 /* Project object */;
			proxyType = 1;
			remoteGlobalIDString = 3A9659382DFF13AE00A5AB6E;
			remoteInfo = DocMatic.widgetExtension;
		};
/* End PBXContainerItemProxy section */

/* Begin PBXCopyFilesBuildPhase section */
		3A9659492DFF13B000A5AB6E /* Embed Foundation Extensions */ = {
			isa = PBXCopyFilesBuildPhase;
			buildActionMask = 2147483647;
			dstPath = "";
			dstSubfolderSpec = 13;
			files = (
				3A9659482DFF13B000A5AB6E /* DocMatic.widgetExtension.appex in Embed Foundation Extensions */,
			);
			name = "Embed Foundation Extensions";
			runOnlyForDeploymentPostprocessing = 0;
		};
/* End PBXCopyFilesBuildPhase section */

/* Begin PBXFileReference section */
		3A9659392DFF13AE00A5AB6E /* DocMatic.widgetExtension.appex */ = {isa = PBXFileReference; explicitFileType = "wrapper.app-extension"; includeInIndex = 0; path = DocMatic.widgetExtension.appex; sourceTree = BUILT_PRODUCTS_DIR; };
		3A96593A2DFF13AE00A5AB6E /* WidgetKit.framework */ = {isa = PBXFileReference; lastKnownFileType = wrapper.framework; name = WidgetKit.framework; path = System/Library/Frameworks/WidgetKit.framework; sourceTree = SDKROOT; };
		3A96593C2DFF13AE00A5AB6E /* SwiftUI.framework */ = {isa = PBXFileReference; lastKnownFileType = wrapper.framework; name = SwiftUI.framework; path = System/Library/Frameworks/SwiftUI.framework; sourceTree = SDKROOT; };
		3A96594E2DFF155D00A5AB6E /* DocMatic.widgetExtension.entitlements */ = {isa = PBXFileReference; lastKnownFileType = text.plist.entitlements; path = DocMatic.widgetExtension.entitlements; sourceTree = "<group>"; };
		3AA0011E2D39CBFC0087A850 /* DocMatic.app */ = {isa = PBXFileReference; explicitFileType = wrapper.application; includeInIndex = 0; path = DocMatic.app; sourceTree = BUILT_PRODUCTS_DIR; };
		3AD12EA62D57E06E00A3699E /* StoreKit.framework */ = {isa = PBXFileReference; lastKnownFileType = wrapper.framework; name = StoreKit.framework; path = System/Library/Frameworks/StoreKit.framework; sourceTree = SDKROOT; };
/* End PBXFileReference section */

/* Begin PBXFileSystemSynchronizedBuildFileExceptionSet section */
		3A96594D2DFF13B000A5AB6E /* Exceptions for "DocMatic.widget" folder in "DocMatic.widgetExtension" target */ = {
			isa = PBXFileSystemSynchronizedBuildFileExceptionSet;
			membershipExceptions = (
				Info.plist,
			);
			target = 3A9659382DFF13AE00A5AB6E /* DocMatic.widgetExtension */;
		};
		3A9659502DFF158E00A5AB6E /* Exceptions for "DocMatic" folder in "DocMatic.widgetExtension" target */ = {
			isa = PBXFileSystemSynchronizedBuildFileExceptionSet;
			membershipExceptions = (
				Model/Document.swift,
				Model/DocumentPage.swift,
				Model/Item.swift,
				Model/User.swift,
			);
			target = 3A9659382DFF13AE00A5AB6E /* DocMatic.widgetExtension */;
		};
		3AA0012E2D39CBFE0087A850 /* Exceptions for "DocMatic" folder in "DocMatic" target */ = {
			isa = PBXFileSystemSynchronizedBuildFileExceptionSet;
			membershipExceptions = (
				Info.plist,
			);
			target = 3AA0011D2D39CBFC0087A850 /* DocMatic */;
		};
/* End PBXFileSystemSynchronizedBuildFileExceptionSet section */

/* Begin PBXFileSystemSynchronizedRootGroup section */
		3A96593E2DFF13AE00A5AB6E /* DocMatic.widget */ = {
			isa = PBXFileSystemSynchronizedRootGroup;
			exceptions = (
				3A96594D2DFF13B000A5AB6E /* Exceptions for "DocMatic.widget" folder in "DocMatic.widgetExtension" target */,
			);
			path = DocMatic.widget;
			sourceTree = "<group>";
		};
		3AA001202D39CBFC0087A850 /* DocMatic */ = {
			isa = PBXFileSystemSynchronizedRootGroup;
			exceptions = (
				3AA0012E2D39CBFE0087A850 /* Exceptions for "DocMatic" folder in "DocMatic" target */,
				3A9659502DFF158E00A5AB6E /* Exceptions for "DocMatic" folder in "DocMatic.widgetExtension" target */,
			);
			path = DocMatic;
			sourceTree = "<group>";
		};
/* End PBXFileSystemSynchronizedRootGroup section */

/* Begin PBXFrameworksBuildPhase section */
		3A9659362DFF13AE00A5AB6E /* Frameworks */ = {
			isa = PBXFrameworksBuildPhase;
			buildActionMask = 2147483647;
			files = (
				3A96593D2DFF13AE00A5AB6E /* SwiftUI.framework in Frameworks */,
				3A96593B2DFF13AE00A5AB6E /* WidgetKit.framework in Frameworks */,
			);
			runOnlyForDeploymentPostprocessing = 0;
		};
		3AA0011B2D39CBFC0087A850 /* Frameworks */ = {
			isa = PBXFrameworksBuildPhase;
			buildActionMask = 2147483647;
			files = (
				3AD2C35F2E12CB4500F8D047 /* FirebaseDatabase in Frameworks */,
				3AD12EA72D57E06F00A3699E /* StoreKit.framework in Frameworks */,
				3AD2C35D2E12CB4500F8D047 /* FirebaseAuth in Frameworks */,
				3A9D27102D4A659300E8D13A /* RevenueCatUI in Frameworks */,
				3A9D270E2D4A659300E8D13A /* RevenueCat in Frameworks */,
				3AD2C3632E12CB4500F8D047 /* FirebaseStorage in Frameworks */,
				3ABE6EBE2DFD9ECE0042B6C8 /* Lottie in Frameworks */,
				3AD2C3612E12CB4500F8D047 /* FirebaseFirestore in Frameworks */,
			);
			runOnlyForDeploymentPostprocessing = 0;
		};
/* End PBXFrameworksBuildPhase section */

/* Begin PBXGroup section */
		3AA001152D39CBFC0087A850 = {
			isa = PBXGroup;
			children = (
				3A96594E2DFF155D00A5AB6E /* DocMatic.widgetExtension.entitlements */,
				3AA001202D39CBFC0087A850 /* DocMatic */,
				3A96593E2DFF13AE00A5AB6E /* DocMatic.widget */,
				3AD12EA52D57E06E00A3699E /* Frameworks */,
				3AA0011F2D39CBFC0087A850 /* Products */,
			);
			sourceTree = "<group>";
		};
		3AA0011F2D39CBFC0087A850 /* Products */ = {
			isa = PBXGroup;
			children = (
				3AA0011E2D39CBFC0087A850 /* DocMatic.app */,
				3A9659392DFF13AE00A5AB6E /* DocMatic.widgetExtension.appex */,
			);
			name = Products;
			sourceTree = "<group>";
		};
		3AD12EA52D57E06E00A3699E /* Frameworks */ = {
			isa = PBXGroup;
			children = (
				3AD12EA62D57E06E00A3699E /* StoreKit.framework */,
				3A96593A2DFF13AE00A5AB6E /* WidgetKit.framework */,
				3A96593C2DFF13AE00A5AB6E /* SwiftUI.framework */,
			);
			name = Frameworks;
			sourceTree = "<group>";
		};
/* End PBXGroup section */

/* Begin PBXNativeTarget section */
		3A9659382DFF13AE00A5AB6E /* DocMatic.widgetExtension */ = {
			isa = PBXNativeTarget;
			buildConfigurationList = 3A96594C2DFF13B000A5AB6E /* Build configuration list for PBXNativeTarget "DocMatic.widgetExtension" */;
			buildPhases = (
				3A9659352DFF13AE00A5AB6E /* Sources */,
				3A9659362DFF13AE00A5AB6E /* Frameworks */,
				3A9659372DFF13AE00A5AB6E /* Resources */,
			);
			buildRules = (
			);
			dependencies = (
			);
			fileSystemSynchronizedGroups = (
				3A96593E2DFF13AE00A5AB6E /* DocMatic.widget */,
			);
			name = DocMatic.widgetExtension;
			packageProductDependencies = (
			);
			productName = DocMatic.widgetExtension;
			productReference = 3A9659392DFF13AE00A5AB6E /* DocMatic.widgetExtension.appex */;
			productType = "com.apple.product-type.app-extension";
		};
		3AA0011D2D39CBFC0087A850 /* DocMatic */ = {
			isa = PBXNativeTarget;
			buildConfigurationList = 3AA0012F2D39CBFE0087A850 /* Build configuration list for PBXNativeTarget "DocMatic" */;
			buildPhases = (
				3AA0011A2D39CBFC0087A850 /* Sources */,
				3AA0011B2D39CBFC0087A850 /* Frameworks */,
				3AA0011C2D39CBFC0087A850 /* Resources */,
				3A9659492DFF13B000A5AB6E /* Embed Foundation Extensions */,
			);
			buildRules = (
			);
			dependencies = (
				3A9659472DFF13B000A5AB6E /* PBXTargetDependency */,
			);
			fileSystemSynchronizedGroups = (
				3AA001202D39CBFC0087A850 /* DocMatic */,
			);
			name = DocMatic;
			packageProductDependencies = (
				3A9D270D2D4A659300E8D13A /* RevenueCat */,
				3A9D270F2D4A659300E8D13A /* RevenueCatUI */,
				3ABE6EBD2DFD9ECE0042B6C8 /* Lottie */,
				3AD2C35C2E12CB4500F8D047 /* FirebaseAuth */,
				3AD2C35E2E12CB4500F8D047 /* FirebaseDatabase */,
				3AD2C3602E12CB4500F8D047 /* FirebaseFirestore */,
				3AD2C3622E12CB4500F8D047 /* FirebaseStorage */,
			);
			productName = DocMatic;
			productReference = 3AA0011E2D39CBFC0087A850 /* DocMatic.app */;
			productType = "com.apple.product-type.application";
		};
/* End PBXNativeTarget section */

/* Begin PBXProject section */
		3AA001162D39CBFC0087A850 /* Project object */ = {
			isa = PBXProject;
			attributes = {
				BuildIndependentTargetsInParallel = 1;
				LastSwiftUpdateCheck = 1640;
				LastUpgradeCheck = 1620;
				TargetAttributes = {
					3A9659382DFF13AE00A5AB6E = {
						CreatedOnToolsVersion = 16.4;
					};
					3AA0011D2D39CBFC0087A850 = {
						CreatedOnToolsVersion = 16.2;
					};
				};
			};
			buildConfigurationList = 3AA001192D39CBFC0087A850 /* Build configuration list for PBXProject "DocMatic" */;
			developmentRegion = en;
			hasScannedForEncodings = 0;
			knownRegions = (
				en,
				Base,
			);
			mainGroup = 3AA001152D39CBFC0087A850;
			minimizedProjectReferenceProxies = 1;
			packageReferences = (
				3A9D270C2D4A659300E8D13A /* XCRemoteSwiftPackageReference "purchases-ios-spm" */,
				3ABE6EBC2DFD9ECE0042B6C8 /* XCRemoteSwiftPackageReference "lottie-ios" */,
				3AD2C35B2E12CB4400F8D047 /* XCRemoteSwiftPackageReference "firebase-ios-sdk" */,
			);
			preferredProjectObjectVersion = 77;
			productRefGroup = 3AA0011F2D39CBFC0087A850 /* Products */;
			projectDirPath = "";
			projectRoot = "";
			targets = (
				3AA0011D2D39CBFC0087A850 /* DocMatic */,
				3A9659382DFF13AE00A5AB6E /* DocMatic.widgetExtension */,
			);
		};
/* End PBXProject section */

/* Begin PBXResourcesBuildPhase section */
		3A9659372DFF13AE00A5AB6E /* Resources */ = {
			isa = PBXResourcesBuildPhase;
			buildActionMask = 2147483647;
			files = (
			);
			runOnlyForDeploymentPostprocessing = 0;
		};
		3AA0011C2D39CBFC0087A850 /* Resources */ = {
			isa = PBXResourcesBuildPhase;
			buildActionMask = 2147483647;
			files = (
			);
			runOnlyForDeploymentPostprocessing = 0;
		};
/* End PBXResourcesBuildPhase section */

/* Begin PBXSourcesBuildPhase section */
		3A9659352DFF13AE00A5AB6E /* Sources */ = {
			isa = PBXSourcesBuildPhase;
			buildActionMask = 2147483647;
			files = (
			);
			runOnlyForDeploymentPostprocessing = 0;
		};
		3AA0011A2D39CBFC0087A850 /* Sources */ = {
			isa = PBXSourcesBuildPhase;
			buildActionMask = 2147483647;
			files = (
			);
			runOnlyForDeploymentPostprocessing = 0;
		};
/* End PBXSourcesBuildPhase section */

/* Begin PBXTargetDependency section */
		3A9659472DFF13B000A5AB6E /* PBXTargetDependency */ = {
			isa = PBXTargetDependency;
			target = 3A9659382DFF13AE00A5AB6E /* DocMatic.widgetExtension */;
			targetProxy = 3A9659462DFF13B000A5AB6E /* PBXContainerItemProxy */;
		};
/* End PBXTargetDependency section */

/* Begin XCBuildConfiguration section */
		3A96594A2DFF13B000A5AB6E /* Debug */ = {
			isa = XCBuildConfiguration;
			buildSettings = {
				ASSETCATALOG_COMPILER_GLOBAL_ACCENT_COLOR_NAME = AccentColor;
				ASSETCATALOG_COMPILER_WIDGET_BACKGROUND_COLOR_NAME = WidgetBackground;
				CODE_SIGN_ENTITLEMENTS = DocMatic.widgetExtension.entitlements;
				CODE_SIGN_STYLE = Automatic;
				CURRENT_PROJECT_VERSION = 1;
				DEVELOPMENT_TEAM = WM7RG95JZ8;
				GENERATE_INFOPLIST_FILE = YES;
				INFOPLIST_FILE = DocMatic.widget/Info.plist;
				INFOPLIST_KEY_CFBundleDisplayName = DocMatic.widget;
				INFOPLIST_KEY_NSHumanReadableCopyright = "";
				IPHONEOS_DEPLOYMENT_TARGET = 18.5;
				LD_RUNPATH_SEARCH_PATHS = (
					"$(inherited)",
					"@executable_path/Frameworks",
					"@executable_path/../../Frameworks",
				);
				MARKETING_VERSION = 1.0;
				PRODUCT_BUNDLE_IDENTIFIER = "org.studio4design.DocMatic.DocMatic-widget";
				PRODUCT_NAME = "$(TARGET_NAME)";
				SDKROOT = iphoneos;
				SKIP_INSTALL = YES;
				SWIFT_EMIT_LOC_STRINGS = YES;
				SWIFT_VERSION = 5.0;
				TARGETED_DEVICE_FAMILY = "1,2";
			};
			name = Debug;
		};
		3A96594B2DFF13B000A5AB6E /* Release */ = {
			isa = XCBuildConfiguration;
			buildSettings = {
				ASSETCATALOG_COMPILER_GLOBAL_ACCENT_COLOR_NAME = AccentColor;
				ASSETCATALOG_COMPILER_WIDGET_BACKGROUND_COLOR_NAME = WidgetBackground;
				CODE_SIGN_ENTITLEMENTS = DocMatic.widgetExtension.entitlements;
				CODE_SIGN_STYLE = Automatic;
				CURRENT_PROJECT_VERSION = 1;
				DEVELOPMENT_TEAM = WM7RG95JZ8;
				GENERATE_INFOPLIST_FILE = YES;
				INFOPLIST_FILE = DocMatic.widget/Info.plist;
				INFOPLIST_KEY_CFBundleDisplayName = DocMatic.widget;
				INFOPLIST_KEY_NSHumanReadableCopyright = "";
				IPHONEOS_DEPLOYMENT_TARGET = 18.5;
				LD_RUNPATH_SEARCH_PATHS = (
					"$(inherited)",
					"@executable_path/Frameworks",
					"@executable_path/../../Frameworks",
				);
				MARKETING_VERSION = 1.0;
				PRODUCT_BUNDLE_IDENTIFIER = "org.studio4design.DocMatic.DocMatic-widget";
				PRODUCT_NAME = "$(TARGET_NAME)";
				SDKROOT = iphoneos;
				SKIP_INSTALL = YES;
				SWIFT_EMIT_LOC_STRINGS = YES;
				SWIFT_VERSION = 5.0;
				TARGETED_DEVICE_FAMILY = "1,2";
				VALIDATE_PRODUCT = YES;
			};
			name = Release;
		};
		3AA001302D39CBFE0087A850 /* Debug */ = {
			isa = XCBuildConfiguration;
			buildSettings = {
				ASSETCATALOG_COMPILER_ALTERNATE_APPICON_NAMES = "Dark Default \"Electric Tide\" Firestarter \"Frosted Blue\" \"Indigo Pulse\" \"Jungle Walk\" Light \"Ocean Drift\" \"Peach Pop\" \"Pine Mist\" \"Rose Ember\" \"Shadow Step\" Sunbeam \"Storm Walk\"";
				ASSETCATALOG_COMPILER_APPICON_NAME = Default;
				ASSETCATALOG_COMPILER_GLOBAL_ACCENT_COLOR_NAME = AccentColor;
				ASSETCATALOG_COMPILER_INCLUDE_ALL_APPICON_ASSETS = NO;
				CODE_SIGN_ENTITLEMENTS = DocMatic/DocMatic.entitlements;
				CODE_SIGN_STYLE = Automatic;
				CURRENT_PROJECT_VERSION = 2025.5.15;
				DEVELOPMENT_ASSET_PATHS = "\"DocMatic/Preview Content\"";
				DEVELOPMENT_TEAM = WM7RG95JZ8;
				ENABLE_HARDENED_RUNTIME = YES;
				ENABLE_PREVIEWS = YES;
				GENERATE_INFOPLIST_FILE = YES;
				INFOPLIST_FILE = DocMatic/Info.plist;
				INFOPLIST_KEY_LSApplicationCategoryType = "public.app-category.productivity";
				INFOPLIST_KEY_NSCameraUsageDescription = "DocMatic requires access to your camera to scan documents. This access is essential for the app’s functionality, not for any other purpose.";
				INFOPLIST_KEY_NSFaceIDUsageDescription = "DocMatic requires access to Face ID to securely unlock your saved documents. Face ID is only used for unlocking and not for any other purpose.";
				INFOPLIST_KEY_NSMicrophoneUsageDescription = "DocMatic needs access to your microphone to start search with your voice.";
				INFOPLIST_KEY_NSSpeechRecognitionUsageDescription = "DocMatic only use speech recognition so you can quickly find your documents by saying their names.";
				"INFOPLIST_KEY_UIApplicationSceneManifest_Generation[sdk=iphoneos*]" = YES;
				"INFOPLIST_KEY_UIApplicationSceneManifest_Generation[sdk=iphonesimulator*]" = YES;
				"INFOPLIST_KEY_UIApplicationSupportsIndirectInputEvents[sdk=iphoneos*]" = YES;
				"INFOPLIST_KEY_UIApplicationSupportsIndirectInputEvents[sdk=iphonesimulator*]" = YES;
				"INFOPLIST_KEY_UILaunchScreen_Generation[sdk=iphoneos*]" = YES;
				"INFOPLIST_KEY_UILaunchScreen_Generation[sdk=iphonesimulator*]" = YES;
				INFOPLIST_KEY_UILaunchStoryboardName = "Launch Screen.storeboard";
				"INFOPLIST_KEY_UIStatusBarStyle[sdk=iphoneos*]" = UIStatusBarStyleDefault;
				"INFOPLIST_KEY_UIStatusBarStyle[sdk=iphonesimulator*]" = UIStatusBarStyleDefault;
				INFOPLIST_KEY_UISupportedInterfaceOrientations = UIInterfaceOrientationPortrait;
				INFOPLIST_KEY_UISupportedInterfaceOrientations_iPad = "UIInterfaceOrientationLandscapeLeft UIInterfaceOrientationLandscapeRight UIInterfaceOrientationPortrait UIInterfaceOrientationPortraitUpsideDown";
				IPHONEOS_DEPLOYMENT_TARGET = 18.0;
				LD_RUNPATH_SEARCH_PATHS = "@executable_path/Frameworks";
				"LD_RUNPATH_SEARCH_PATHS[sdk=macosx*]" = "@executable_path/../Frameworks";
				MACOSX_DEPLOYMENT_TARGET = 15.0;
				MARKETING_VERSION = 1.1.2;
				PRODUCT_BUNDLE_IDENTIFIER = org.studio4design.DocMatic;
				PRODUCT_NAME = "$(TARGET_NAME)";
				SDKROOT = auto;
				SUPPORTED_PLATFORMS = "iphoneos iphonesimulator";
				SUPPORTS_MACCATALYST = NO;
				SWIFT_EMIT_LOC_STRINGS = YES;
				SWIFT_VERSION = 5.0;
				TARGETED_DEVICE_FAMILY = "1,2";
				XROS_DEPLOYMENT_TARGET = 2.0;
			};
			name = Debug;
		};
		3AA001312D39CBFE0087A850 /* Release */ = {
			isa = XCBuildConfiguration;
			buildSettings = {
				ASSETCATALOG_COMPILER_ALTERNATE_APPICON_NAMES = "Dark Default \"Electric Tide\" Firestarter \"Frosted Blue\" \"Indigo Pulse\" \"Jungle Walk\" Light \"Ocean Drift\" \"Peach Pop\" \"Pine Mist\" \"Rose Ember\" \"Shadow Step\" Sunbeam \"Storm Walk\"";
				ASSETCATALOG_COMPILER_APPICON_NAME = Default;
				ASSETCATALOG_COMPILER_GLOBAL_ACCENT_COLOR_NAME = AccentColor;
				ASSETCATALOG_COMPILER_INCLUDE_ALL_APPICON_ASSETS = NO;
				CODE_SIGN_ENTITLEMENTS = DocMatic/DocMatic.entitlements;
				CODE_SIGN_STYLE = Automatic;
				CURRENT_PROJECT_VERSION = 2025.5.15;
				DEVELOPMENT_ASSET_PATHS = "\"DocMatic/Preview Content\"";
				DEVELOPMENT_TEAM = WM7RG95JZ8;
				ENABLE_HARDENED_RUNTIME = YES;
				ENABLE_PREVIEWS = YES;
				GENERATE_INFOPLIST_FILE = YES;
				INFOPLIST_FILE = DocMatic/Info.plist;
				INFOPLIST_KEY_LSApplicationCategoryType = "public.app-category.productivity";
				INFOPLIST_KEY_NSCameraUsageDescription = "DocMatic requires access to your camera to scan documents. This access is essential for the app’s functionality, not for any other purpose.";
				INFOPLIST_KEY_NSFaceIDUsageDescription = "DocMatic requires access to Face ID to securely unlock your saved documents. Face ID is only used for unlocking and not for any other purpose.";
				INFOPLIST_KEY_NSMicrophoneUsageDescription = "DocMatic needs access to your microphone to start search with your voice.";
				INFOPLIST_KEY_NSSpeechRecognitionUsageDescription = "DocMatic only use speech recognition so you can quickly find your documents by saying their names.";
				"INFOPLIST_KEY_UIApplicationSceneManifest_Generation[sdk=iphoneos*]" = YES;
				"INFOPLIST_KEY_UIApplicationSceneManifest_Generation[sdk=iphonesimulator*]" = YES;
				"INFOPLIST_KEY_UIApplicationSupportsIndirectInputEvents[sdk=iphoneos*]" = YES;
				"INFOPLIST_KEY_UIApplicationSupportsIndirectInputEvents[sdk=iphonesimulator*]" = YES;
				"INFOPLIST_KEY_UILaunchScreen_Generation[sdk=iphoneos*]" = YES;
				"INFOPLIST_KEY_UILaunchScreen_Generation[sdk=iphonesimulator*]" = YES;
				INFOPLIST_KEY_UILaunchStoryboardName = "Launch Screen.storeboard";
				"INFOPLIST_KEY_UIStatusBarStyle[sdk=iphoneos*]" = UIStatusBarStyleDefault;
				"INFOPLIST_KEY_UIStatusBarStyle[sdk=iphonesimulator*]" = UIStatusBarStyleDefault;
				INFOPLIST_KEY_UISupportedInterfaceOrientations = UIInterfaceOrientationPortrait;
				INFOPLIST_KEY_UISupportedInterfaceOrientations_iPad = "UIInterfaceOrientationLandscapeLeft UIInterfaceOrientationLandscapeRight UIInterfaceOrientationPortrait UIInterfaceOrientationPortraitUpsideDown";
				IPHONEOS_DEPLOYMENT_TARGET = 18.0;
				LD_RUNPATH_SEARCH_PATHS = "@executable_path/Frameworks";
				"LD_RUNPATH_SEARCH_PATHS[sdk=macosx*]" = "@executable_path/../Frameworks";
				MACOSX_DEPLOYMENT_TARGET = 15.0;
				MARKETING_VERSION = 1.1.2;
				PRODUCT_BUNDLE_IDENTIFIER = org.studio4design.DocMatic;
				PRODUCT_NAME = "$(TARGET_NAME)";
				SDKROOT = auto;
				SUPPORTED_PLATFORMS = "iphoneos iphonesimulator";
				SUPPORTS_MACCATALYST = NO;
				SWIFT_EMIT_LOC_STRINGS = YES;
				SWIFT_VERSION = 5.0;
				TARGETED_DEVICE_FAMILY = "1,2";
				XROS_DEPLOYMENT_TARGET = 2.0;
			};
			name = Release;
		};
		3AA001322D39CBFE0087A850 /* Debug */ = {
			isa = XCBuildConfiguration;
			buildSettings = {
				ALWAYS_SEARCH_USER_PATHS = NO;
				ASSETCATALOG_COMPILER_GENERATE_SWIFT_ASSET_SYMBOL_EXTENSIONS = YES;
				CLANG_ANALYZER_NONNULL = YES;
				CLANG_ANALYZER_NUMBER_OBJECT_CONVERSION = YES_AGGRESSIVE;
				CLANG_CXX_LANGUAGE_STANDARD = "gnu++20";
				CLANG_ENABLE_MODULES = YES;
				CLANG_ENABLE_OBJC_ARC = YES;
				CLANG_ENABLE_OBJC_WEAK = YES;
				CLANG_WARN_BLOCK_CAPTURE_AUTORELEASING = YES;
				CLANG_WARN_BOOL_CONVERSION = YES;
				CLANG_WARN_COMMA = YES;
				CLANG_WARN_CONSTANT_CONVERSION = YES;
				CLANG_WARN_DEPRECATED_OBJC_IMPLEMENTATIONS = YES;
				CLANG_WARN_DIRECT_OBJC_ISA_USAGE = YES_ERROR;
				CLANG_WARN_DOCUMENTATION_COMMENTS = YES;
				CLANG_WARN_EMPTY_BODY = YES;
				CLANG_WARN_ENUM_CONVERSION = YES;
				CLANG_WARN_INFINITE_RECURSION = YES;
				CLANG_WARN_INT_CONVERSION = YES;
				CLANG_WARN_NON_LITERAL_NULL_CONVERSION = YES;
				CLANG_WARN_OBJC_IMPLICIT_RETAIN_SELF = YES;
				CLANG_WARN_OBJC_LITERAL_CONVERSION = YES;
				CLANG_WARN_OBJC_ROOT_CLASS = YES_ERROR;
				CLANG_WARN_QUOTED_INCLUDE_IN_FRAMEWORK_HEADER = YES;
				CLANG_WARN_RANGE_LOOP_ANALYSIS = YES;
				CLANG_WARN_STRICT_PROTOTYPES = YES;
				CLANG_WARN_SUSPICIOUS_MOVE = YES;
				CLANG_WARN_UNGUARDED_AVAILABILITY = YES_AGGRESSIVE;
				CLANG_WARN_UNREACHABLE_CODE = YES;
				CLANG_WARN__DUPLICATE_METHOD_MATCH = YES;
				COPY_PHASE_STRIP = NO;
				DEBUG_INFORMATION_FORMAT = dwarf;
				ENABLE_STRICT_OBJC_MSGSEND = YES;
				ENABLE_TESTABILITY = YES;
				ENABLE_USER_SCRIPT_SANDBOXING = YES;
				GCC_C_LANGUAGE_STANDARD = gnu17;
				GCC_DYNAMIC_NO_PIC = NO;
				GCC_NO_COMMON_BLOCKS = YES;
				GCC_OPTIMIZATION_LEVEL = 0;
				GCC_PREPROCESSOR_DEFINITIONS = (
					"DEBUG=1",
					"$(inherited)",
				);
				GCC_WARN_64_TO_32_BIT_CONVERSION = YES;
				GCC_WARN_ABOUT_RETURN_TYPE = YES_ERROR;
				GCC_WARN_UNDECLARED_SELECTOR = YES;
				GCC_WARN_UNINITIALIZED_AUTOS = YES_AGGRESSIVE;
				GCC_WARN_UNUSED_FUNCTION = YES;
				GCC_WARN_UNUSED_VARIABLE = YES;
				LOCALIZATION_PREFERS_STRING_CATALOGS = YES;
				MTL_ENABLE_DEBUG_INFO = INCLUDE_SOURCE;
				MTL_FAST_MATH = YES;
				ONLY_ACTIVE_ARCH = YES;
				SWIFT_ACTIVE_COMPILATION_CONDITIONS = "DEBUG $(inherited)";
				SWIFT_OPTIMIZATION_LEVEL = "-Onone";
			};
			name = Debug;
		};
		3AA001332D39CBFE0087A850 /* Release */ = {
			isa = XCBuildConfiguration;
			buildSettings = {
				ALWAYS_SEARCH_USER_PATHS = NO;
				ASSETCATALOG_COMPILER_GENERATE_SWIFT_ASSET_SYMBOL_EXTENSIONS = YES;
				CLANG_ANALYZER_NONNULL = YES;
				CLANG_ANALYZER_NUMBER_OBJECT_CONVERSION = YES_AGGRESSIVE;
				CLANG_CXX_LANGUAGE_STANDARD = "gnu++20";
				CLANG_ENABLE_MODULES = YES;
				CLANG_ENABLE_OBJC_ARC = YES;
				CLANG_ENABLE_OBJC_WEAK = YES;
				CLANG_WARN_BLOCK_CAPTURE_AUTORELEASING = YES;
				CLANG_WARN_BOOL_CONVERSION = YES;
				CLANG_WARN_COMMA = YES;
				CLANG_WARN_CONSTANT_CONVERSION = YES;
				CLANG_WARN_DEPRECATED_OBJC_IMPLEMENTATIONS = YES;
				CLANG_WARN_DIRECT_OBJC_ISA_USAGE = YES_ERROR;
				CLANG_WARN_DOCUMENTATION_COMMENTS = YES;
				CLANG_WARN_EMPTY_BODY = YES;
				CLANG_WARN_ENUM_CONVERSION = YES;
				CLANG_WARN_INFINITE_RECURSION = YES;
				CLANG_WARN_INT_CONVERSION = YES;
				CLANG_WARN_NON_LITERAL_NULL_CONVERSION = YES;
				CLANG_WARN_OBJC_IMPLICIT_RETAIN_SELF = YES;
				CLANG_WARN_OBJC_LITERAL_CONVERSION = YES;
				CLANG_WARN_OBJC_ROOT_CLASS = YES_ERROR;
				CLANG_WARN_QUOTED_INCLUDE_IN_FRAMEWORK_HEADER = YES;
				CLANG_WARN_RANGE_LOOP_ANALYSIS = YES;
				CLANG_WARN_STRICT_PROTOTYPES = YES;
				CLANG_WARN_SUSPICIOUS_MOVE = YES;
				CLANG_WARN_UNGUARDED_AVAILABILITY = YES_AGGRESSIVE;
				CLANG_WARN_UNREACHABLE_CODE = YES;
				CLANG_WARN__DUPLICATE_METHOD_MATCH = YES;
				COPY_PHASE_STRIP = NO;
				DEBUG_INFORMATION_FORMAT = "dwarf-with-dsym";
				ENABLE_NS_ASSERTIONS = NO;
				ENABLE_STRICT_OBJC_MSGSEND = YES;
				ENABLE_USER_SCRIPT_SANDBOXING = YES;
				GCC_C_LANGUAGE_STANDARD = gnu17;
				GCC_NO_COMMON_BLOCKS = YES;
				GCC_WARN_64_TO_32_BIT_CONVERSION = YES;
				GCC_WARN_ABOUT_RETURN_TYPE = YES_ERROR;
				GCC_WARN_UNDECLARED_SELECTOR = YES;
				GCC_WARN_UNINITIALIZED_AUTOS = YES_AGGRESSIVE;
				GCC_WARN_UNUSED_FUNCTION = YES;
				GCC_WARN_UNUSED_VARIABLE = YES;
				LOCALIZATION_PREFERS_STRING_CATALOGS = YES;
				MTL_ENABLE_DEBUG_INFO = NO;
				MTL_FAST_MATH = YES;
				SWIFT_COMPILATION_MODE = wholemodule;
			};
			name = Release;
		};
/* End XCBuildConfiguration section */

/* Begin XCConfigurationList section */
		3A96594C2DFF13B000A5AB6E /* Build configuration list for PBXNativeTarget "DocMatic.widgetExtension" */ = {
			isa = XCConfigurationList;
			buildConfigurations = (
				3A96594A2DFF13B000A5AB6E /* Debug */,
				3A96594B2DFF13B000A5AB6E /* Release */,
			);
			defaultConfigurationIsVisible = 0;
			defaultConfigurationName = Release;
		};
		3AA001192D39CBFC0087A850 /* Build configuration list for PBXProject "DocMatic" */ = {
			isa = XCConfigurationList;
			buildConfigurations = (
				3AA001322D39CBFE0087A850 /* Debug */,
				3AA001332D39CBFE0087A850 /* Release */,
			);
			defaultConfigurationIsVisible = 0;
			defaultConfigurationName = Release;
		};
		3AA0012F2D39CBFE0087A850 /* Build configuration list for PBXNativeTarget "DocMatic" */ = {
			isa = XCConfigurationList;
			buildConfigurations = (
				3AA001302D39CBFE0087A850 /* Debug */,
				3AA001312D39CBFE0087A850 /* Release */,
			);
			defaultConfigurationIsVisible = 0;
			defaultConfigurationName = Release;
		};
/* End XCConfigurationList section */

/* Begin XCRemoteSwiftPackageReference section */
		3A9D270C2D4A659300E8D13A /* XCRemoteSwiftPackageReference "purchases-ios-spm" */ = {
			isa = XCRemoteSwiftPackageReference;
			repositoryURL = "https://github.com/RevenueCat/purchases-ios-spm";
			requirement = {
				kind = upToNextMajorVersion;
				minimumVersion = 5.15.1;
			};
		};
		3ABE6EBC2DFD9ECE0042B6C8 /* XCRemoteSwiftPackageReference "lottie-ios" */ = {
			isa = XCRemoteSwiftPackageReference;
			repositoryURL = "https://github.com/airbnb/lottie-ios";
			requirement = {
				kind = upToNextMajorVersion;
				minimumVersion = 4.5.2;
			};
		};
		3AD2C35B2E12CB4400F8D047 /* XCRemoteSwiftPackageReference "firebase-ios-sdk" */ = {
			isa = XCRemoteSwiftPackageReference;
			repositoryURL = "https://github.com/firebase/firebase-ios-sdk";
			requirement = {
				kind = upToNextMajorVersion;
				minimumVersion = 11.15.0;
			};
		};
/* End XCRemoteSwiftPackageReference section */

/* Begin XCSwiftPackageProductDependency section */
		3A9D270D2D4A659300E8D13A /* RevenueCat */ = {
			isa = XCSwiftPackageProductDependency;
			package = 3A9D270C2D4A659300E8D13A /* XCRemoteSwiftPackageReference "purchases-ios-spm" */;
			productName = RevenueCat;
		};
		3A9D270F2D4A659300E8D13A /* RevenueCatUI */ = {
			isa = XCSwiftPackageProductDependency;
			package = 3A9D270C2D4A659300E8D13A /* XCRemoteSwiftPackageReference "purchases-ios-spm" */;
			productName = RevenueCatUI;
		};
		3ABE6EBD2DFD9ECE0042B6C8 /* Lottie */ = {
			isa = XCSwiftPackageProductDependency;
			package = 3ABE6EBC2DFD9ECE0042B6C8 /* XCRemoteSwiftPackageReference "lottie-ios" */;
			productName = Lottie;
		};
		3AD2C35C2E12CB4500F8D047 /* FirebaseAuth */ = {
			isa = XCSwiftPackageProductDependency;
			package = 3AD2C35B2E12CB4400F8D047 /* XCRemoteSwiftPackageReference "firebase-ios-sdk" */;
			productName = FirebaseAuth;
		};
		3AD2C35E2E12CB4500F8D047 /* FirebaseDatabase */ = {
			isa = XCSwiftPackageProductDependency;
			package = 3AD2C35B2E12CB4400F8D047 /* XCRemoteSwiftPackageReference "firebase-ios-sdk" */;
			productName = FirebaseDatabase;
		};
		3AD2C3602E12CB4500F8D047 /* FirebaseFirestore */ = {
			isa = XCSwiftPackageProductDependency;
			package = 3AD2C35B2E12CB4400F8D047 /* XCRemoteSwiftPackageReference "firebase-ios-sdk" */;
			productName = FirebaseFirestore;
		};
		3AD2C3622E12CB4500F8D047 /* FirebaseStorage */ = {
			isa = XCSwiftPackageProductDependency;
			package = 3AD2C35B2E12CB4400F8D047 /* XCRemoteSwiftPackageReference "firebase-ios-sdk" */;
			productName = FirebaseStorage;
		};
/* End XCSwiftPackageProductDependency section */
	};
	rootObject = 3AA001162D39CBFC0087A850 /* Project object */;
}
