{
  "originHash" : "6880cc900e88d6f215a3ab881539d6a98d4b8e0d53fc86fbc88578a3d527b9dc",
  "pins" : [
    {
      "identity" : "lottie-ios",
      "kind" : "remoteSourceControl",
      "location" : "https://github.com/airbnb/lottie-ios",
      "state" : {
        "revision" : "a004050748dc197c56256a14dca49a035d74726c",
        "version" : "4.5.2"
      }
    },
    {
      "identity" : "purchases-ios-spm",
      "kind" : "remoteSourceControl",
      "location" : "https://github.com/RevenueCat/purchases-ios-spm",
      "state" : {
        "revision" : "83edd0bc139c5f7bbeda44a7fcdb0f115fee3441",
        "version" : "5.21.1"
      }
    }
  ],
  "version" : 3
}
