{
  "originHash" : "a3bcaa15a454fa7370ad47de0b4a365f92876b40d5fa0a3e490eb29c4688cd7b",
  "pins" : [
    {
      "identity" : "purchases-ios-spm",
      "kind" : "remoteSourceControl",
      "location" : "https://github.com/RevenueCat/purchases-ios-spm",
      "state" : {
        "revision" : "83edd0bc139c5f7bbeda44a7fcdb0f115fee3441",
        "version" : "5.21.1"
      }
    }
  ],
  "version" : 3
}
